
Microsoft Visual Studio Solution File, Format Version 12.00
# Visual Studio 15
VisualStudioVersion = 15.0.28307.421
MinimumVisualStudioVersion = 10.0.40219.1
Project("{FAE04EC0-301F-11D3-BF4B-00C04F79EFBC}") = "WpfApp1", "WpfApp1\WpfApp1.csproj", "{0FFD3AE7-69DC-4336-892D-F8B3B5FACE2A}"
EndProject
Global
	GlobalSection(SolutionConfigurationPlatforms) = preSolution
		Debug|Any CPU = Debug|Any CPU
		Release|Any CPU = Release|Any CPU
	EndGlobalSection
	GlobalSection(ProjectConfigurationPlatforms) = postSolution
		{0FFD3AE7-69DC-4336-892D-F8B3B5FACE2A}.Debug|Any CPU.ActiveCfg = Debug|Any CPU
		{0FFD3AE7-69DC-4336-892D-F8B3B5FACE2A}.Debug|Any CPU.Build.0 = Debug|Any CPU
		{0FFD3AE7-69DC-4336-892D-F8B3B5FACE2A}.Release|Any CPU.ActiveCfg = Release|Any CPU
		{0FFD3AE7-69DC-4336-892D-F8B3B5FACE2A}.Release|Any CPU.Build.0 = Release|Any CPU
	EndGlobalSection
	GlobalSection(SolutionProperties) = preSolution
		HideSolutionNode = FALSE
	EndGlobalSection
	GlobalSection(ExtensibilityGlobals) = postSolution
		SolutionGuid = {ABC610C9-4664-45FF-8AAD-20E91EE5606E}
	EndGlobalSection
EndGlobal
